version: 0.167.1
dependencies:
- name: kafka
  repository: https://raw.githubusercontent.com/bitnami/charts/d2a3b454f8bb808a493d417199d3e2e09b5c650c/bitnami
  version: 19.1.3
- name: mongodb
  repository: https://raw.githubusercontent.com/bitnami/charts/d2a3b454f8bb808a493d417199d3e2e09b5c650c/bitnami
  version: 13.3.1
- name: nuxeo
  repository: https://packages.nuxeo.com/repository/helm-releases-public/
  version: 3.1.17
- name: opensearch
  repository: https://opensearch-project.github.io/helm-charts/
  version: 1.16.0
digest: sha256:0bd4831d67f317be9cf27b4520ec2e44d692ae0bdf54a5e09be5d7a21e880cef
generated: "2025-07-15T15:14:37.835653382Z"
